{
  "R": {
    "Version": "3.6.0",
    "Repositories": [
      {
        "Name": "RSPM",
        "URL": "https://cluster.rstudiopm.com/cran/688"
      }
    ]
  },
  "Packages": {
    "BH": {
      "Package": "BH",
      "Version": "1.69.0-1",
      "Source": "Repository",
      "Repository": "RSPM",
      "Hash": "0fde015f5153e51df44981da0767f522"
    },
    "DBI": {
      "Package": "DBI",
      "Version": "1.0.0",
      "Source": "Repository",
      "Repository": "RSPM",
      "Hash": "2b2b6ea2111e1e57e192765d5013a3c5"
    },
    "DT": {
      "Package": "DT",
      "Version": "0.7",
      "Source": "Repository",
      "Repository": "RSPM",
      "Hash": "981ae58e8b540dd02bb331dbef40d130"
    },
    "ISOcodes": {
      "Package": "ISOcodes",
      "Version": "2019.04.22",
      "Source": "Repository",
      "Repository": "RSPM",
      "Hash": "fdf96e1295ae8fb88c3e238f01195138"
    },
    "KernSmooth": {
      "Package": "KernSmooth",
      "Version": "2.23-15",
      "Source": "Repository",
      "Repository": "RSPM",
      "Hash": "1abaf80e4ce51c982446637b6cf236bb"
    },
    "MASS": {
      "Package": "MASS",
      "Version": "7.3-51.4",
      "Source": "Repository",
      "Repository": "RSPM",
      "Hash": "a489ad42493fa9bfac8f3e3a3bc7d4ca"
    },
    "Matrix": {
      "Package": "Matrix",
      "Version": "1.2-17",
      "Source": "Repository",
      "Repository": "RSPM",
      "Hash": "a60009c832f495604f54399f21d89cc8"
    },
    "NLP": {
      "Package": "NLP",
      "Version": "0.2-0",
      "Source": "Repository",
      "Repository": "RSPM",
      "Hash": "00836d8b4c28bfa175ff517e0d6b397f"
    },
    "R6": {
      "Package": "R6",
      "Version": "2.4.0",
      "Source": "Repository",
      "Repository": "RSPM",
      "Hash": "92b50d943a7c76c67918c1e1beb68627"
    },
    "RColorBrewer": {
      "Package": "RColorBrewer",
      "Version": "1.1-2",
      "Source": "Repository",
      "Repository": "RSPM",
      "Hash": "f8a3bcc800d613797f1dfdf8ef4f0bfc"
    },
    "Rcpp": {
      "Package": "Rcpp",
      "Version": "1.0.1",
      "Source": "Repository",
      "Repository": "RSPM",
      "Hash": "94bf4b635dd6abac1765cff90ba98235"
    },
    "RcppEigen": {
      "Package": "RcppEigen",
      "Version": "0.3.3.5.0",
      "Source": "Repository",
      "Repository": "RSPM",
      "Hash": "b86bf100354fb8fe4a20b5689e40c7b3"
    },
    "SQUAREM": {
      "Package": "SQUAREM",
      "Version": "2017.10-1",
      "Source": "Repository",
      "Repository": "RSPM",
      "Hash": "1cba0608850e00c650653d156bb497fe"
    },
    "SnowballC": {
      "Package": "SnowballC",
      "Version": "0.6.0",
      "Source": "Repository",
      "Repository": "RSPM",
      "Hash": "7a32ba207b6136d14d404cac0274eb3b"
    },
    "StanHeaders": {
      "Package": "StanHeaders",
      "Version": "2.18.1-10",
      "Source": "Repository",
      "Repository": "RSPM",
      "Hash": "7fe76e0dbab36f4daa9e7490cfbf441d"
    },
    "askpass": {
      "Package": "askpass",
      "Version": "1.1",
      "Source": "Repository",
      "Repository": "RSPM",
      "Hash": "46678e19f261db289be40292d8e5d5bf"
    },
    "assertthat": {
      "Package": "assertthat",
      "Version": "0.2.1",
      "Source": "Repository",
      "Repository": "RSPM",
      "Hash": "19fb3d0ad048b4eb1a05cacffbae1f66"
    },
    "backports": {
      "Package": "backports",
      "Version": "1.1.4",
      "Source": "Repository",
      "Repository": "RSPM",
      "Hash": "2a78bf0825e0088e117520553ceb7fa5"
    },
    "base64enc": {
      "Package": "base64enc",
      "Version": "0.1-3",
      "Source": "Repository",
      "Repository": "RSPM",
      "Hash": "d355963b4b1c3039bfe8d65611a11cca"
    },
    "bayesplot": {
      "Package": "bayesplot",
      "Version": "1.7.0",
      "Source": "Repository",
      "Repository": "RSPM",
      "Hash": "992226c0d8218256b6a4c7feeb27d445"
    },
    "boot": {
      "Package": "boot",
      "Version": "1.3-23",
      "Source": "Repository",
      "Repository": "RSPM",
      "Hash": "7acd7cd8da575cbe664ae2301d127007"
    },
    "broom": {
      "Package": "broom",
      "Version": "0.5.2",
      "Source": "Repository",
      "Repository": "RSPM",
      "Hash": "a6cfb50e5172a20815db00739aab4e78"
    },
    "callr": {
      "Package": "callr",
      "Version": "3.3.0",
      "Source": "Repository",
      "Repository": "RSPM",
      "Hash": "931c2dbd269b24b7cd2a7fc4b4b628e9"
    },
    "cellranger": {
      "Package": "cellranger",
      "Version": "1.1.0",
      "Source": "Repository",
      "Repository": "RSPM",
      "Hash": "2cd2a065192f3ba08a919d8800dba7e0"
    },
    "checkmate": {
      "Package": "checkmate",
      "Version": "1.9.4",
      "Source": "Repository",
      "Repository": "RSPM",
      "Hash": "51788d50ba2a6ac3bf71efadaf1f76d9"
    },
    "class": {
      "Package": "class",
      "Version": "7.3-15",
      "Source": "Repository",
      "Repository": "RSPM",
      "Hash": "4878ea322bdd292b96affa71fd4332bd"
    },
    "cli": {
      "Package": "cli",
      "Version": "1.1.0",
      "Source": "Repository",
      "Repository": "RSPM",
      "Hash": "9b3dc7798f53ba3050b41ce4a3febdc5"
    },
    "clipr": {
      "Package": "clipr",
      "Version": "0.6.0",
      "Source": "Repository",
      "Repository": "RSPM",
      "Hash": "1b4c6b49dca948d2f95a741ae8f52edd"
    },
    "codetools": {
      "Package": "codetools",
      "Version": "0.2-16",
      "Source": "Repository",
      "Repository": "RSPM",
      "Hash": "3bf2a0853d7faf7f865d0b877946e452"
    },
    "colorspace": {
      "Package": "colorspace",
      "Version": "1.4-1",
      "Source": "Repository",
      "Repository": "RSPM",
      "Hash": "c25d49739abb6ebf4b3d0c3565574226"
    },
    "colourpicker": {
      "Package": "colourpicker",
      "Version": "1.0",
      "Source": "Repository",
      "Repository": "RSPM",
      "Hash": "0adc41e3166c4b0474173fed460b5894"
    },
    "crayon": {
      "Package": "crayon",
      "Version": "1.3.4",
      "Source": "Repository",
      "Repository": "RSPM",
      "Hash": "d308ead32010b8e4d76c4690427da50b"
    },
    "crosstalk": {
      "Package": "crosstalk",
      "Version": "1.0.0",
      "Source": "Repository",
      "Repository": "RSPM",
      "Hash": "2bc962d85f29df259cc1a6930727ce87"
    },
    "curl": {
      "Package": "curl",
      "Version": "3.3",
      "Source": "Repository",
      "Repository": "RSPM",
      "Hash": "208293ffee1d8d6988ec5bcbf7bed49e"
    },
    "dbplyr": {
      "Package": "dbplyr",
      "Version": "1.4.2",
      "Source": "Repository",
      "Repository": "RSPM",
      "Hash": "aa3740879c38e6c11a93bd981521035a"
    },
    "desc": {
      "Package": "desc",
      "Version": "1.2.0",
      "Source": "Repository",
      "Repository": "RSPM",
      "Hash": "0119aa659b9c1db195b4bd7c617d18c0"
    },
    "dials": {
      "Package": "dials",
      "Version": "0.0.2",
      "Source": "Repository",
      "Repository": "RSPM",
      "Hash": "16e58ca91454d2a3e295c73ced85a400"
    },
    "digest": {
      "Package": "digest",
      "Version": "0.6.20",
      "Source": "Repository",
      "Repository": "RSPM",
      "Hash": "e90f6670040b5aec92425051fc13ac1c"
    },
    "dplyr": {
      "Package": "dplyr",
      "Version": "0.8.3",
      "Source": "Repository",
      "Repository": "RSPM",
      "Hash": "17783831e1e918ab250dcae5dd9c6e03"
    },
    "dygraphs": {
      "Package": "dygraphs",
      "Version": "1.1.1.6",
      "Source": "Repository",
      "Repository": "RSPM",
      "Hash": "aba5ded396338b13e4458d0cb0c2ec86"
    },
    "ellipsis": {
      "Package": "ellipsis",
      "Version": "0.2.0.1",
      "Source": "Repository",
      "Repository": "RSPM",
      "Hash": "a7a9b2ae023bf012744c480d3388c0c8"
    },
    "evaluate": {
      "Package": "evaluate",
      "Version": "0.14",
      "Source": "Repository",
      "Repository": "RSPM",
      "Hash": "5a6c1949963e0785dbcbb0556337d61e"
    },
    "fansi": {
      "Package": "fansi",
      "Version": "0.4.0",
      "Source": "Repository",
      "Repository": "RSPM",
      "Hash": "cd87b0162287f0da225edfaa2fd3a20c"
    },
    "forcats": {
      "Package": "forcats",
      "Version": "0.4.0",
      "Source": "Repository",
      "Repository": "RSPM",
      "Hash": "4d7e4a2ed5adadda6714eb7b9361213b"
    },
    "fs": {
      "Package": "fs",
      "Version": "1.3.1",
      "Source": "Repository",
      "Repository": "RSPM",
      "Hash": "dba7e43c4103d978cb7c95b97987cc68"
    },
    "furrr": {
      "Package": "furrr",
      "Version": "0.1.0",
      "Source": "Repository",
      "Repository": "RSPM",
      "Hash": "ba787bdceee408b8f399c653fcee1601"
    },
    "future": {
      "Package": "future",
      "Version": "1.14.0",
      "Source": "Repository",
      "Repository": "RSPM",
      "Hash": "2dd37a87b16d7ae973505d636d36d22c"
    },
    "generics": {
      "Package": "generics",
      "Version": "0.0.2",
      "Source": "Repository",
      "Repository": "RSPM",
      "Hash": "4e8e453aff36dd8ddac10ff157083e4f"
    },
    "genius": {
      "Package": "genius",
      "Version": "2.2.0",
      "Source": "Repository",
      "Repository": "RSPM",
      "Hash": "ab9cc10184f18ecdd2d323076087046f"
    },
    "ggplot2": {
      "Package": "ggplot2",
      "Version": "3.2.0",
      "Source": "Repository",
      "Repository": "RSPM",
      "Hash": "e3b95a7458944efa0ebbb903bcdbe168"
    },
    "ggridges": {
      "Package": "ggridges",
      "Version": "0.5.1",
      "Source": "Repository",
      "Repository": "RSPM",
      "Hash": "b464e7b51e82292003ad0691a79f1ef8"
    },
    "globals": {
      "Package": "globals",
      "Version": "0.12.4",
      "Source": "Repository",
      "Repository": "RSPM",
      "Hash": "cf9ddd6b6fce90974d5bd9b5f80d08b0"
    },
    "glue": {
      "Package": "glue",
      "Version": "1.3.1",
      "Source": "Repository",
      "Repository": "RSPM",
      "Hash": "e8436e647719b7c9d01409767cd88cc8"
    },
    "gower": {
      "Package": "gower",
      "Version": "0.2.1",
      "Source": "Repository",
      "Repository": "RSPM",
      "Hash": "1f63bd78e56884fb959fe36b7bdb8f74"
    },
    "gridExtra": {
      "Package": "gridExtra",
      "Version": "2.3",
      "Source": "Repository",
      "Repository": "RSPM",
      "Hash": "4626f6a59a3b1095e7bdc7bd02a3107f"
    },
    "gtable": {
      "Package": "gtable",
      "Version": "0.3.0",
      "Source": "Repository",
      "Repository": "RSPM",
      "Hash": "6a58b2980a57345822ec5f9c7d2d1751"
    },
    "gtools": {
      "Package": "gtools",
      "Version": "3.8.1",
      "Source": "Repository",
      "Repository": "RSPM",
      "Hash": "a1f1f79c481c077e9dba0fdaac442372"
    },
    "haven": {
      "Package": "haven",
      "Version": "2.1.1",
      "Source": "Repository",
      "Repository": "RSPM",
      "Hash": "d1f21b8ced82ba581c26edfcc69d0c41"
    },
    "highr": {
      "Package": "highr",
      "Version": "0.8",
      "Source": "Repository",
      "Repository": "RSPM",
      "Hash": "43e36bc8bca1d8256f86933659c46349"
    },
    "hms": {
      "Package": "hms",
      "Version": "0.5.0",
      "Source": "Repository",
      "Repository": "RSPM",
      "Hash": "092e5b11e8fb83b420b1a192ab095263"
    },
    "htmltools": {
      "Package": "htmltools",
      "Version": "0.3.6",
      "Source": "Repository",
      "Repository": "RSPM",
      "Hash": "5132526e7fb28a2c20d1ef443d5c4644"
    },
    "htmlwidgets": {
      "Package": "htmlwidgets",
      "Version": "1.3",
      "Source": "Repository",
      "Repository": "RSPM",
      "Hash": "8aa0ed21f14fc9645367e8bc305415f5"
    },
    "httpuv": {
      "Package": "httpuv",
      "Version": "1.5.1",
      "Source": "Repository",
      "Repository": "RSPM",
      "Hash": "3e4206eb62d89401a2a990eba9b3ecac"
    },
    "httr": {
      "Package": "httr",
      "Version": "1.4.0",
      "Source": "Repository",
      "Repository": "RSPM",
      "Hash": "4a241c31afac61ea4a8a672aa5b0b098"
    },
    "hunspell": {
      "Package": "hunspell",
      "Version": "3.0",
      "Source": "Repository",
      "Repository": "RSPM",
      "Hash": "4ff88843e730bf68cfac63479fc63ec3"
    },
    "igraph": {
      "Package": "igraph",
      "Version": "1.2.4.1",
      "Source": "Repository",
      "Repository": "RSPM",
      "Hash": "6eb7a604bc33c66dac0611b7ce75ac69"
    },
    "infer": {
      "Package": "infer",
      "Version": "0.4.0.1",
      "Source": "Repository",
      "Repository": "RSPM",
      "Hash": "a2ac5450639293a244d509752e2e8b25"
    },
    "inline": {
      "Package": "inline",
      "Version": "0.3.15",
      "Source": "Repository",
      "Repository": "RSPM",
      "Hash": "23b8ec1bdea91c914af35b2c21dff286"
    },
    "ipred": {
      "Package": "ipred",
      "Version": "0.9-9",
      "Source": "Repository",
      "Repository": "RSPM",
      "Hash": "aaa4f1418c71e1842f64ed7a3d8c8f6f"
    },
    "janeaustenr": {
      "Package": "janeaustenr",
      "Version": "0.1.5",
      "Source": "Repository",
      "Repository": "RSPM",
      "Hash": "3d4cf2df157505e6ae9154e28a33310a"
    },
    "janitor": {
      "Package": "janitor",
      "Version": "1.2.0",
      "Source": "Repository",
      "Repository": "RSPM",
      "Hash": "e1310d9b920ef337ec2ecd8d73b21f0d"
    },
    "jsonlite": {
      "Package": "jsonlite",
      "Version": "1.6",
      "Source": "Repository",
      "Repository": "RSPM",
      "Hash": "b7e67b6a7bc2fdae729c0f3ff9026a8a"
    },
    "knitr": {
      "Package": "knitr",
      "Version": "1.23",
      "Source": "Repository",
      "Repository": "RSPM",
      "Hash": "39893fe4cbbdca3fce7d9dbdef808cd1"
    },
    "labeling": {
      "Package": "labeling",
      "Version": "0.3",
      "Source": "Repository",
      "Repository": "RSPM",
      "Hash": "e1f613894f080d1eee41c34b281a2184"
    },
    "later": {
      "Package": "later",
      "Version": "0.8.0",
      "Source": "Repository",
      "Repository": "RSPM",
      "Hash": "4d5b806a328e0da75f0f0d4653676552"
    },
    "lattice": {
      "Package": "lattice",
      "Version": "0.20-38",
      "Source": "Repository",
      "Repository": "RSPM",
      "Hash": "6f7aa123115b33bc9ad1ca800874b1de"
    },
    "lava": {
      "Package": "lava",
      "Version": "1.6.5",
      "Source": "Repository",
      "Repository": "RSPM",
      "Hash": "806150f01de7274c6ce698538408139b"
    },
    "lazyeval": {
      "Package": "lazyeval",
      "Version": "0.2.2",
      "Source": "Repository",
      "Repository": "RSPM",
      "Hash": "d2f5e98b8b7ae633e252830c3243c2ab"
    },
    "listenv": {
      "Package": "listenv",
      "Version": "0.7.0",
      "Source": "Repository",
      "Repository": "RSPM",
      "Hash": "7cdee13e292d057fce33553ea7eebbd7"
    },
    "lme4": {
      "Package": "lme4",
      "Version": "1.1-21",
      "Source": "Repository",
      "Repository": "RSPM",
      "Hash": "0a3458480f4caf92fc26f7afc54340a4"
    },
    "loo": {
      "Package": "loo",
      "Version": "2.1.0",
      "Source": "Repository",
      "Repository": "RSPM",
      "Hash": "74d62fb96be363e317bdc53a45fcd4e7"
    },
    "lubridate": {
      "Package": "lubridate",
      "Version": "1.7.4",
      "Source": "Repository",
      "Repository": "RSPM",
      "Hash": "d55fdb3732a8f047e49b86064dd78984"
    },
    "magrittr": {
      "Package": "magrittr",
      "Version": "1.5",
      "Source": "Repository",
      "Repository": "RSPM",
      "Hash": "dee1d97cffddfd3ed969e224bd0826d0"
    },
    "markdown": {
      "Package": "markdown",
      "Version": "1.0",
      "Source": "Repository",
      "Repository": "RSPM",
      "Hash": "4584a57f565dd7987d59dda3a02cfb41"
    },
    "matrixStats": {
      "Package": "matrixStats",
      "Version": "0.54.0",
      "Source": "Repository",
      "Repository": "RSPM",
      "Hash": "77ec3ece2b64d82fe2d7ef4c7f8db6db"
    },
    "mgcv": {
      "Package": "mgcv",
      "Version": "1.8-28",
      "Source": "Repository",
      "Repository": "RSPM",
      "Hash": "6ac256e4fdcf33c11f9ed987927cc614"
    },
    "mime": {
      "Package": "mime",
      "Version": "0.7",
      "Source": "Repository",
      "Repository": "RSPM",
      "Hash": "908d95ccbfd1dd274073ef07a7c93934"
    },
    "miniUI": {
      "Package": "miniUI",
      "Version": "0.1.1.1",
      "Source": "Repository",
      "Repository": "RSPM",
      "Hash": "53236ac4d8dcc50446bbb83c45e024cd"
    },
    "minqa": {
      "Package": "minqa",
      "Version": "1.2.4",
      "Source": "Repository",
      "Repository": "RSPM",
      "Hash": "280c889bf39c330ab77b0d92c1c38931"
    },
    "modelr": {
      "Package": "modelr",
      "Version": "0.1.4",
      "Source": "Repository",
      "Repository": "RSPM",
      "Hash": "4e872a6c94b3fe47bb022010fd131d4b"
    },
    "modeltools": {
      "Package": "modeltools",
      "Version": "0.2-22",
      "Source": "Repository",
      "Repository": "RSPM",
      "Hash": "2d16af8b7eac85fa09edc875ed3eaa97"
    },
    "munsell": {
      "Package": "munsell",
      "Version": "0.5.0",
      "Source": "Repository",
      "Repository": "RSPM",
      "Hash": "9111af6c6dec65538ebd3de6c0bae864"
    },
    "nlme": {
      "Package": "nlme",
      "Version": "3.1-140",
      "Source": "Repository",
      "Repository": "RSPM",
      "Hash": "ad3b02c6f154deac3584133e6e015cd3"
    },
    "nloptr": {
      "Package": "nloptr",
      "Version": "1.2.1",
      "Source": "Repository",
      "Repository": "RSPM",
      "Hash": "f2696200757bbf2ed222a9d8e72f0a06"
    },
    "nnet": {
      "Package": "nnet",
      "Version": "7.3-12",
      "Source": "Repository",
      "Repository": "RSPM",
      "Hash": "2a92e339b2aeab90147147e2cf7c8310"
    },
    "numDeriv": {
      "Package": "numDeriv",
      "Version": "2016.8-1.1",
      "Source": "Repository",
      "Repository": "RSPM",
      "Hash": "10548c749c529a01a2c0e5cbc9d93aa2"
    },
    "openssl": {
      "Package": "openssl",
      "Version": "1.4",
      "Source": "Repository",
      "Repository": "RSPM",
      "Hash": "47db5d3cd9a56588a3140eb5716bd03e"
    },
    "pROC": {
      "Package": "pROC",
      "Version": "1.15.0",
      "Source": "Repository",
      "Repository": "RSPM",
      "Hash": "25637e571f67910c8c97c08988e7007f"
    },
    "packrat": {
      "Package": "packrat",
      "Version": "0.5.0",
      "Source": "Repository",
      "Repository": "RSPM",
      "Hash": "aa1fbebb6ca276f933b9f77da6d02ef3"
    },
    "parsnip": {
      "Package": "parsnip",
      "Version": "0.0.2",
      "Source": "Repository",
      "Repository": "RSPM",
      "Hash": "0bf88779d7b89747a528f8333c2255d8"
    },
    "pillar": {
      "Package": "pillar",
      "Version": "1.4.2",
      "Source": "Repository",
      "Repository": "RSPM",
      "Hash": "57645ff795277554eee14df5bcee8025"
    },
    "pkgbuild": {
      "Package": "pkgbuild",
      "Version": "1.0.3",
      "Source": "Repository",
      "Repository": "RSPM",
      "Hash": "1e8100d85ef7b9cddded115d62d7365a"
    },
    "pkgconfig": {
      "Package": "pkgconfig",
      "Version": "2.0.2",
      "Source": "Repository",
      "Repository": "RSPM",
      "Hash": "2dd2d8867e4f0173ea2ce029d630a086"
    },
    "plogr": {
      "Package": "plogr",
      "Version": "0.2.0",
      "Source": "Repository",
      "Repository": "RSPM",
      "Hash": "1a8304cc1382ef64e3b710ba589d7bc0"
    },
    "plumber": {
      "Package": "plumber",
      "Version": "0.4.6",
      "Source": "Repository",
      "Repository": "RSPM",
      "Hash": "e5700af025f64e0ed43fb84eecb45330"
    },
    "plyr": {
      "Package": "plyr",
      "Version": "1.8.4",
      "Source": "Repository",
      "Repository": "RSPM",
      "Hash": "37dd0f3aadee2ac99e47168f4bffddb7"
    },
    "prettyunits": {
      "Package": "prettyunits",
      "Version": "1.0.2",
      "Source": "Repository",
      "Repository": "RSPM",
      "Hash": "33ce93b23647e85c127f8e1bb08604fc"
    },
    "processx": {
      "Package": "processx",
      "Version": "3.4.0",
      "Source": "Repository",
      "Repository": "RSPM",
      "Hash": "b0caa9b63471869ca1595599493c9405"
    },
    "prodlim": {
      "Package": "prodlim",
      "Version": "2018.04.18",
      "Source": "Repository",
      "Repository": "RSPM",
      "Hash": "99d22953eebaae95af8de37f5594b862"
    },
    "progress": {
      "Package": "progress",
      "Version": "1.2.2",
      "Source": "Repository",
      "Repository": "RSPM",
      "Hash": "e8c47e04650b07d40c3c50a878a4dffa"
    },
    "promises": {
      "Package": "promises",
      "Version": "1.0.1",
      "Source": "Repository",
      "Repository": "RSPM",
      "Hash": "f80d162b7cef7e36a0134d1f1084e36d"
    },
    "ps": {
      "Package": "ps",
      "Version": "1.3.0",
      "Source": "Repository",
      "Repository": "RSPM",
      "Hash": "a38f3fd447d1595a3da538910054b911"
    },
    "purrr": {
      "Package": "purrr",
      "Version": "0.3.2",
      "Source": "Repository",
      "Repository": "RSPM",
      "Hash": "c360ab7eabd6e38a83f2475eb97c6344"
    },
    "randomForest": {
      "Package": "randomForest",
      "Version": "4.6-14",
      "Source": "Repository",
      "Repository": "RSPM",
      "Hash": "b875652edb88cd66493a26779ee96b65"
    },
    "ranger": {
      "Package": "ranger",
      "Version": "0.11.2",
      "Source": "Repository",
      "Repository": "RSPM",
      "Hash": "b3ad2ebd739bb9996f486387921b781a"
    },
    "rappdirs": {
      "Package": "rappdirs",
      "Version": "0.3.1",
      "Source": "Repository",
      "Repository": "RSPM",
      "Hash": "5bc532ab747c4d7c8b753ca9b7faee8d"
    },
    "readr": {
      "Package": "readr",
      "Version": "1.3.1",
      "Source": "Repository",
      "Repository": "RSPM",
      "Hash": "60167b7ec3de99e76ff406aaf0f83bb4"
    },
    "readxl": {
      "Package": "readxl",
      "Version": "1.3.1",
      "Source": "Repository",
      "Repository": "RSPM",
      "Hash": "8a8b4695e87c90cc9423eb8994e76819"
    },
    "recipes": {
      "Package": "recipes",
      "Version": "0.1.6",
      "Source": "Repository",
      "Repository": "RSPM",
      "Hash": "a41cf8f8490a18f93c1b797b3f0610ea"
    },
    "rematch": {
      "Package": "rematch",
      "Version": "1.0.1",
      "Source": "Repository",
      "Repository": "RSPM",
      "Hash": "d3d55a556f7f2e74f449d6a53b8abf8e"
    },
    "reprex": {
      "Package": "reprex",
      "Version": "0.3.0",
      "Source": "Repository",
      "Repository": "RSPM",
      "Hash": "e5c16307a512cdaea9adddacde0671af"
    },
    "reshape2": {
      "Package": "reshape2",
      "Version": "1.4.3",
      "Source": "Repository",
      "Repository": "RSPM",
      "Hash": "ac685130d1a25e3f6470960fd29c5693"
    },
    "rlang": {
      "Package": "rlang",
      "Version": "0.4.0",
      "Source": "Repository",
      "Repository": "RSPM",
      "Hash": "8f1bf3a54c8844dc254baabba61cb6a9"
    },
    "rmarkdown": {
      "Package": "rmarkdown",
      "Version": "1.14",
      "Source": "Repository",
      "Repository": "RSPM",
      "Hash": "b712ba012c5d17214b872a47f40a611e"
    },
    "rpart": {
      "Package": "rpart",
      "Version": "4.1-15",
      "Source": "Repository",
      "Repository": "CRAN",
      "Hash": "0d0e7f0e3c22944bb9bf67d0d5636e50"
    },
    "rprojroot": {
      "Package": "rprojroot",
      "Version": "1.3-2",
      "Source": "Repository",
      "Repository": "RSPM",
      "Hash": "5382761b8b318da6dd3fb0f6dae3c43a"
    },
    "rsample": {
      "Package": "rsample",
      "Version": "0.0.5",
      "Source": "Repository",
      "Repository": "RSPM",
      "Hash": "b81a5a4c987ce5d30644fa276ff0c792"
    },
    "rsconnect": {
      "Package": "rsconnect",
      "Version": "0.8.15",
      "Source": "Repository",
      "Repository": "RSPM",
      "Hash": "649b33e97eb02dc7f8533a50d888ae29"
    },
    "rstan": {
      "Package": "rstan",
      "Version": "2.19.2",
      "Source": "Repository",
      "Repository": "RSPM",
      "Hash": "6529a2e9f3c41619877c62ba930cd23b"
    },
    "rstanarm": {
      "Package": "rstanarm",
      "Version": "2.18.2",
      "Source": "Repository",
      "Repository": "RSPM",
      "Hash": "9d7bcfe168f625afea0d547d5f7be28c"
    },
    "rstantools": {
      "Package": "rstantools",
      "Version": "1.5.1",
      "Source": "Repository",
      "Repository": "RSPM",
      "Hash": "26fbe7da02fa0e78e4a3aeac4fe26131"
    },
    "rstudioapi": {
      "Package": "rstudioapi",
      "Version": "0.10",
      "Source": "Repository",
      "Repository": "RSPM",
      "Hash": "04552808fd065fdf0fec7bad340eb83c"
    },
    "rvest": {
      "Package": "rvest",
      "Version": "0.3.4",
      "Source": "Repository",
      "Repository": "RSPM",
      "Hash": "76bb112bc3833454dc701230aa9cb3ed"
    },
    "scales": {
      "Package": "scales",
      "Version": "1.0.0",
      "Source": "Repository",
      "Repository": "RSPM",
      "Hash": "a96e9571cd875b7b934990d85b7a3c18"
    },
    "selectr": {
      "Package": "selectr",
      "Version": "0.4-1",
      "Source": "Repository",
      "Repository": "RSPM",
      "Hash": "40ccee5dc2b97e197648525aefcfd0ba"
    },
    "shiny": {
      "Package": "shiny",
      "Version": "1.3.2",
      "Source": "Repository",
      "Repository": "RSPM",
      "Hash": "3f96ad878877e005bcf6093c5c7efd9e"
    },
    "shinyjs": {
      "Package": "shinyjs",
      "Version": "1.0",
      "Source": "Repository",
      "Repository": "RSPM",
      "Hash": "f80ba8b88aa5cd27157e8cd3bbd7cc35"
    },
    "shinystan": {
      "Package": "shinystan",
      "Version": "2.5.0",
      "Source": "Repository",
      "Repository": "RSPM",
      "Hash": "f870c76d3542b496b7f72f005416def7"
    },
    "shinythemes": {
      "Package": "shinythemes",
      "Version": "1.1.2",
      "Source": "Repository",
      "Repository": "RSPM",
      "Hash": "fd438135f3656d7bf5e854060c13ff56"
    },
    "slam": {
      "Package": "slam",
      "Version": "0.1-45",
      "Source": "Repository",
      "Repository": "RSPM",
      "Hash": "d3eea4dc2c09731ecf595710a5100124"
    },
    "snakecase": {
      "Package": "snakecase",
      "Version": "0.11.0",
      "Source": "Repository",
      "Repository": "RSPM",
      "Hash": "5c861a2766fb272f515b7704dcbe08d6"
    },
    "sourcetools": {
      "Package": "sourcetools",
      "Version": "0.1.7",
      "Source": "Repository",
      "Repository": "RSPM",
      "Hash": "fc68fa34b8576eaa5a845a46ad75e214"
    },
    "stopwords": {
      "Package": "stopwords",
      "Version": "0.9.0",
      "Source": "Repository",
      "Repository": "RSPM",
      "Hash": "5dcc22fb5b1753de45db1449621aa2d8"
    },
    "stringi": {
      "Package": "stringi",
      "Version": "1.4.3",
      "Source": "Repository",
      "Repository": "RSPM",
      "Hash": "113506f116db9dd5bd1caf46884e0647"
    },
    "stringr": {
      "Package": "stringr",
      "Version": "1.4.0",
      "Source": "Repository",
      "Repository": "RSPM",
      "Hash": "41d6310ad18bd019a203d7adc496a28b"
    },
    "survival": {
      "Package": "survival",
      "Version": "2.44-1.1",
      "Source": "Repository",
      "Repository": "CRAN",
      "Hash": "20bdedb74dc2c866f51e4ec9133480b1"
    },
    "sys": {
      "Package": "sys",
      "Version": "3.2",
      "Source": "Repository",
      "Repository": "RSPM",
      "Hash": "272daf1b3ba287a42d02e33c89870eae"
    },
    "threejs": {
      "Package": "threejs",
      "Version": "0.3.1",
      "Source": "Repository",
      "Repository": "RSPM",
      "Hash": "e3fb8cb6c350baeed838fcf63be7a6db"
    },
    "tibble": {
      "Package": "tibble",
      "Version": "2.1.3",
      "Source": "Repository",
      "Repository": "RSPM",
      "Hash": "a8d41bd284e21ab7e776d228dc5bac91"
    },
    "tidymodels": {
      "Package": "tidymodels",
      "Version": "0.0.2",
      "Source": "Repository",
      "Repository": "RSPM",
      "Hash": "c3a31b45f424b667c170a23f93fc5da9"
    },
    "tidyposterior": {
      "Package": "tidyposterior",
      "Version": "0.0.2",
      "Source": "Repository",
      "Repository": "RSPM",
      "Hash": "73fa67716fd43bcb1e9a6f54da0592a6"
    },
    "tidypredict": {
      "Package": "tidypredict",
      "Version": "0.4.1",
      "Source": "Repository",
      "Repository": "RSPM",
      "Hash": "d4f0ee9b1969a8d8e346f23be60716c0"
    },
    "tidyr": {
      "Package": "tidyr",
      "Version": "0.8.3",
      "Source": "Repository",
      "Repository": "RSPM",
      "Hash": "51442fddca0f783dce03baffbe5b790b"
    },
    "tidyselect": {
      "Package": "tidyselect",
      "Version": "0.2.5",
      "Source": "Repository",
      "Repository": "RSPM",
      "Hash": "dc3fcbc21f04b293e0794e24982cf357"
    },
    "tidytext": {
      "Package": "tidytext",
      "Version": "0.2.1",
      "Source": "Repository",
      "Repository": "RSPM",
      "Hash": "1ea53b82a12c251714e4cdbf27578043"
    },
    "tidyverse": {
      "Package": "tidyverse",
      "Version": "1.2.1",
      "Source": "Repository",
      "Repository": "RSPM",
      "Hash": "ec414bb606232eb2f242f4e49706a0da"
    },
    "timeDate": {
      "Package": "timeDate",
      "Version": "3043.102",
      "Source": "Repository",
      "Repository": "RSPM",
      "Hash": "93f260c47c35e25620bb2af4ed8ed17e"
    },
    "tinytex": {
      "Package": "tinytex",
      "Version": "0.14",
      "Source": "Repository",
      "Repository": "RSPM",
      "Hash": "8b44776bb72008230fc51a956870741e"
    },
    "tm": {
      "Package": "tm",
      "Version": "0.7-6",
      "Source": "Repository",
      "Repository": "RSPM",
      "Hash": "ad060361ffcb2a33460b15b1c1e0056b"
    },
    "tokenizers": {
      "Package": "tokenizers",
      "Version": "0.2.1",
      "Source": "Repository",
      "Repository": "RSPM",
      "Hash": "8e96ff7d0ebf73a4def9b626704df1cd"
    },
    "topicmodels": {
      "Package": "topicmodels",
      "Version": "0.2-8",
      "Source": "Repository",
      "Repository": "RSPM",
      "Hash": "730c72e7e43818f6fcbfbaf0e51c9ed4"
    },
    "utf8": {
      "Package": "utf8",
      "Version": "1.1.4",
      "Source": "Repository",
      "Repository": "RSPM",
      "Hash": "3f1a5a5b184f63379f8e6c08d5036c53"
    },
    "vctrs": {
      "Package": "vctrs",
      "Version": "0.2.0",
      "Source": "Repository",
      "Repository": "RSPM",
      "Hash": "4bdc6a6c4c5a434d880b73817d4ea641"
    },
    "viridisLite": {
      "Package": "viridisLite",
      "Version": "0.3.0",
      "Source": "Repository",
      "Repository": "RSPM",
      "Hash": "1f264fa42320c4f44b1689d89101e823"
    },
    "whisker": {
      "Package": "whisker",
      "Version": "0.3-2",
      "Source": "Repository",
      "Repository": "RSPM",
      "Hash": "c6d8a035a88c6e3222f0efaac18406f6"
    },
    "withr": {
      "Package": "withr",
      "Version": "2.1.2",
      "Source": "Repository",
      "Repository": "RSPM",
      "Hash": "7c9aef08038f47e6c1532ed574a0e087"
    },
    "xfun": {
      "Package": "xfun",
      "Version": "0.8",
      "Source": "Repository",
      "Repository": "RSPM",
      "Hash": "56f4a24b253e08ec48a45ec0eb60653d"
    },
    "xml2": {
      "Package": "xml2",
      "Version": "1.2.0",
      "Source": "Repository",
      "Repository": "RSPM",
      "Hash": "8a9818f279792f697dab45e8c7cdb3a8"
    },
    "xtable": {
      "Package": "xtable",
      "Version": "1.8-4",
      "Source": "Repository",
      "Repository": "RSPM",
      "Hash": "48f60fcc0974ce72870076d48038df2d"
    },
    "xts": {
      "Package": "xts",
      "Version": "0.11-2",
      "Source": "Repository",
      "Repository": "RSPM",
      "Hash": "f0e867bb5363b60e4c2e594653973af3"
    },
    "yaml": {
      "Package": "yaml",
      "Version": "2.2.0",
      "Source": "Repository",
      "Repository": "RSPM",
      "Hash": "3a313c96061c4ac790de611dc57ebd1f"
    },
    "yardstick": {
      "Package": "yardstick",
      "Version": "0.0.3",
      "Source": "Repository",
      "Repository": "RSPM",
      "Hash": "e0fad2934144b4a87b22edd86ece2682"
    },
    "zeallot": {
      "Package": "zeallot",
      "Version": "0.1.0",
      "Source": "Repository",
      "Repository": "RSPM",
      "Hash": "45d65588b02d47970fc84adecb2ee664"
    },
    "zip": {
      "Package": "zip",
      "Version": "2.0.3",
      "Source": "Repository",
      "Repository": "RSPM",
      "Hash": "a0ac4a790aab5d91d76c1ee2c89ff509"
    },
    "zoo": {
      "Package": "zoo",
      "Version": "1.8-6",
      "Source": "Repository",
      "Repository": "RSPM",
      "Hash": "6a408ac88994695f76d7b4f7f19c4006"
    }
  }
}
